
Microsoft Visual Studio Solution File, Format Version 12.00
# Visual Studio Version 16
VisualStudioVersion = 16.0.30011.22
MinimumVisualStudioVersion = 10.0.40219.1
Project("{00D1A9C2-B5F0-4AF3-8072-F6C62B433612}") = "SqlServerDbCreation", "SqlServerDbCreation\SqlServerDbCreation.sqlproj", "{86BC0FA8-53CB-40BE-AFE2-AC3C10F5A3D1}"
EndProject
Global
	GlobalSection(SolutionConfigurationPlatforms) = preSolution
		Debug|Any CPU = Debug|Any CPU
		Release|Any CPU = Release|Any CPU
	EndGlobalSection
	GlobalSection(ProjectConfigurationPlatforms) = postSolution
		{86BC0FA8-53CB-40BE-AFE2-AC3C10F5A3D1}.Debug|Any CPU.ActiveCfg = Debug|Any CPU
		{86BC0FA8-53CB-40BE-AFE2-AC3C10F5A3D1}.Debug|Any CPU.Build.0 = Debug|Any CPU
		{86BC0FA8-53CB-40BE-AFE2-AC3C10F5A3D1}.Debug|Any CPU.Deploy.0 = Debug|Any CPU
		{86BC0FA8-53CB-40BE-AFE2-AC3C10F5A3D1}.Release|Any CPU.ActiveCfg = Release|Any CPU
		{86BC0FA8-53CB-40BE-AFE2-AC3C10F5A3D1}.Release|Any CPU.Build.0 = Release|Any CPU
		{86BC0FA8-53CB-40BE-AFE2-AC3C10F5A3D1}.Release|Any CPU.Deploy.0 = Release|Any CPU
	EndGlobalSection
	GlobalSection(SolutionProperties) = preSolution
		HideSolutionNode = FALSE
	EndGlobalSection
	GlobalSection(ExtensibilityGlobals) = postSolution
		SolutionGuid = {685FBE76-8860-47AE-9DB9-556B14236B8F}
	EndGlobalSection
EndGlobal
